
Microsoft Visual Studio Solution File, Format Version 12.00
# Visual Studio Version 17
VisualStudioVersion = 17.6.33723.286
MinimumVisualStudioVersion = 10.0.40219.1
Project("{FAE04EC0-301F-11D3-BF4B-00C04F79EFBC}") = "democibuild", "democibuild\democibuild.csproj", "{A911F87E-3EA1-435A-8905-B41065E7DD37}"
EndProject
Global
	GlobalSection(SolutionConfigurationPlatforms) = preSolution
		Debug|Any CPU = Debug|Any CPU
		Release|Any CPU = Release|Any CPU
	EndGlobalSection
	GlobalSection(ProjectConfigurationPlatforms) = postSolution
		{A911F87E-3EA1-435A-8905-B41065E7DD37}.Debug|Any CPU.ActiveCfg = Debug|Any CPU
		{A911F87E-3EA1-435A-8905-B41065E7DD37}.Debug|Any CPU.Build.0 = Debug|Any CPU
		{A911F87E-3EA1-435A-8905-B41065E7DD37}.Release|Any CPU.ActiveCfg = Release|Any CPU
		{A911F87E-3EA1-435A-8905-B41065E7DD37}.Release|Any CPU.Build.0 = Release|Any CPU
	EndGlobalSection
	GlobalSection(SolutionProperties) = preSolution
		HideSolutionNode = FALSE
	EndGlobalSection
	GlobalSection(ExtensibilityGlobals) = postSolution
		SolutionGuid = {C0EE1048-E97A-4CF4-83F6-F65D90F6A773}
	EndGlobalSection
EndGlobal
